
Microsoft Visual Studio Solution File, Format Version 12.00
# Visual Studio Version 16
VisualStudioVersion = 16.0.31605.320
MinimumVisualStudioVersion = 10.0.40219.1
Project("{FAE04EC0-301F-11D3-BF4B-00C04F79EFBC}") = "Projeto2CadSeries", "Projeto2CadSeries\Projeto2CadSeries.csproj", "{80B09FF3-730F-4110-A784-5C47F9505987}"
EndProject
Global
	GlobalSection(SolutionConfigurationPlatforms) = preSolution
		Debug|Any CPU = Debug|Any CPU
		Release|Any CPU = Release|Any CPU
	EndGlobalSection
	GlobalSection(ProjectConfigurationPlatforms) = postSolution
		{80B09FF3-730F-4110-A784-5C47F9505987}.Debug|Any CPU.ActiveCfg = Debug|Any CPU
		{80B09FF3-730F-4110-A784-5C47F9505987}.Debug|Any CPU.Build.0 = Debug|Any CPU
		{80B09FF3-730F-4110-A784-5C47F9505987}.Release|Any CPU.ActiveCfg = Release|Any CPU
		{80B09FF3-730F-4110-A784-5C47F9505987}.Release|Any CPU.Build.0 = Release|Any CPU
	EndGlobalSection
	GlobalSection(SolutionProperties) = preSolution
		HideSolutionNode = FALSE
	EndGlobalSection
	GlobalSection(ExtensibilityGlobals) = postSolution
		SolutionGuid = {A3AE16AA-F7AF-493B-8321-00560A3A7C27}
	EndGlobalSection
EndGlobal
